
Microsoft Visual Studio Solution File, Format Version 12.00
# Visual Studio Version 16
VisualStudioVersion = 16.0.30011.22
MinimumVisualStudioVersion = 10.0.40219.1
Project("{9A19103F-16F7-4668-BE54-9A1E7A4F7556}") = "ASPNETCoreWithAngular", "ASPNETCoreWithAngular\ASPNETCoreWithAngular.csproj", "{4B57A9FE-87B8-4EE7-B2FB-3B6E06E0F892}"
EndProject
Global
	GlobalSection(SolutionConfigurationPlatforms) = preSolution
		Debug|Any CPU = Debug|Any CPU
		Release|Any CPU = Release|Any CPU
	EndGlobalSection
	GlobalSection(ProjectConfigurationPlatforms) = postSolution
		{4B57A9FE-87B8-4EE7-B2FB-3B6E06E0F892}.Debug|Any CPU.ActiveCfg = Debug|Any CPU
		{4B57A9FE-87B8-4EE7-B2FB-3B6E06E0F892}.Debug|Any CPU.Build.0 = Debug|Any CPU
		{4B57A9FE-87B8-4EE7-B2FB-3B6E06E0F892}.Release|Any CPU.ActiveCfg = Release|Any CPU
		{4B57A9FE-87B8-4EE7-B2FB-3B6E06E0F892}.Release|Any CPU.Build.0 = Release|Any CPU
	EndGlobalSection
	GlobalSection(SolutionProperties) = preSolution
		HideSolutionNode = FALSE
	EndGlobalSection
	GlobalSection(ExtensibilityGlobals) = postSolution
		SolutionGuid = {13031617-5113-495D-89FA-11A7162F367D}
	EndGlobalSection
EndGlobal
